// !$*UTF8*$!
{
	archiveVersion = 1;
	classes = {
	};
	objectVersion = 56;
	objects = {

/* Begin PBXBuildFile section */
		7D2363192AF2DF74000498C3 /* FreeMarketApp.swift in Sources */ = {isa = PBXBuildFile; fileRef = 7D2363182AF2DF74000498C3 /* FreeMarketApp.swift */; };
		7D23631D2AF2DF76000498C3 /* Assets.xcassets in Resources */ = {isa = PBXBuildFile; fileRef = 7D23631C2AF2DF76000498C3 /* Assets.xcassets */; };
		7D2363212AF2DF76000498C3 /* Preview Assets.xcassets in Resources */ = {isa = PBXBuildFile; fileRef = 7D2363202AF2DF76000498C3 /* Preview Assets.xcassets */; };
		7D23632B2AF2DF77000498C3 /* FreeMarketTests.swift in Sources */ = {isa = PBXBuildFile; fileRef = 7D23632A2AF2DF77000498C3 /* FreeMarketTests.swift */; };
		7D2363352AF2DF77000498C3 /* FreeMarketUITests.swift in Sources */ = {isa = PBXBuildFile; fileRef = 7D2363342AF2DF77000498C3 /* FreeMarketUITests.swift */; };
		7D2363372AF2DF77000498C3 /* FreeMarketUITestsLaunchTests.swift in Sources */ = {isa = PBXBuildFile; fileRef = 7D2363362AF2DF77000498C3 /* FreeMarketUITestsLaunchTests.swift */; };
		7D2363492AF2F6DE000498C3 /* FSError.swift in Sources */ = {isa = PBXBuildFile; fileRef = 7D2363462AF2F6DE000498C3 /* FSError.swift */; };
		7D23634A2AF2F6DE000498C3 /* NetworkManager.swift in Sources */ = {isa = PBXBuildFile; fileRef = 7D2363472AF2F6DE000498C3 /* NetworkManager.swift */; };
		7D23634B2AF2F6DE000498C3 /* ServiceRouter.swift in Sources */ = {isa = PBXBuildFile; fileRef = 7D2363482AF2F6DE000498C3 /* ServiceRouter.swift */; };
		7D23634D2AF2FCB4000498C3 /* Constants.swift in Sources */ = {isa = PBXBuildFile; fileRef = 7D23634C2AF2FCB4000498C3 /* Constants.swift */; };
		7D2363502AF2FCC1000498C3 /* String+Extension.swift in Sources */ = {isa = PBXBuildFile; fileRef = 7D23634F2AF2FCC1000498C3 /* String+Extension.swift */; };
		7D2363602AF318F9000498C3 /* SearchViewModel.swift in Sources */ = {isa = PBXBuildFile; fileRef = 7D2363532AF318F9000498C3 /* SearchViewModel.swift */; };
		7D2363612AF318F9000498C3 /* SearchViewConstants.swift in Sources */ = {isa = PBXBuildFile; fileRef = 7D2363542AF318F9000498C3 /* SearchViewConstants.swift */; };
		7D2363622AF318F9000498C3 /* Item.swift in Sources */ = {isa = PBXBuildFile; fileRef = 7D2363562AF318F9000498C3 /* Item.swift */; };
		7D2363632AF318F9000498C3 /* SearchResponse.swift in Sources */ = {isa = PBXBuildFile; fileRef = 7D2363572AF318F9000498C3 /* SearchResponse.swift */; };
		7D2363642AF318F9000498C3 /* SearchView.swift in Sources */ = {isa = PBXBuildFile; fileRef = 7D2363592AF318F9000498C3 /* SearchView.swift */; };
		7D2363652AF318F9000498C3 /* ItemCellView.swift in Sources */ = {isa = PBXBuildFile; fileRef = 7D23635B2AF318F9000498C3 /* ItemCellView.swift */; };
		7D2363662AF318F9000498C3 /* DescriptionView.swift in Sources */ = {isa = PBXBuildFile; fileRef = 7D23635C2AF318F9000498C3 /* DescriptionView.swift */; };
		7D2363672AF318F9000498C3 /* SearchViewService.swift in Sources */ = {isa = PBXBuildFile; fileRef = 7D23635E2AF318F9000498C3 /* SearchViewService.swift */; };
		7D2363682AF318F9000498C3 /* SearchViewServiceProtocol.swift in Sources */ = {isa = PBXBuildFile; fileRef = 7D23635F2AF318F9000498C3 /* SearchViewServiceProtocol.swift */; };
		7D23636D2AF31954000498C3 /* ItemRemoteImage.swift in Sources */ = {isa = PBXBuildFile; fileRef = 7D23636A2AF31954000498C3 /* ItemRemoteImage.swift */; };
		7D23636E2AF31954000498C3 /* AlertItem.swift in Sources */ = {isa = PBXBuildFile; fileRef = 7D23636B2AF31954000498C3 /* AlertItem.swift */; };
		7D23636F2AF31954000498C3 /* LoadingView.swift in Sources */ = {isa = PBXBuildFile; fileRef = 7D23636C2AF31954000498C3 /* LoadingView.swift */; };
		7D2363742AF31A16000498C3 /* ItemDetailConstants.swift in Sources */ = {isa = PBXBuildFile; fileRef = 7D2363712AF31A15000498C3 /* ItemDetailConstants.swift */; };
		7D2363752AF31A16000498C3 /* ItemDetailView.swift in Sources */ = {isa = PBXBuildFile; fileRef = 7D2363732AF31A15000498C3 /* ItemDetailView.swift */; };
		7D2363792AF31A3C000498C3 /* MockSearchResponse.swift in Sources */ = {isa = PBXBuildFile; fileRef = 7D2363772AF31A3C000498C3 /* MockSearchResponse.swift */; };
		7D23637A2AF31A3C000498C3 /* MockItem.swift in Sources */ = {isa = PBXBuildFile; fileRef = 7D2363782AF31A3C000498C3 /* MockItem.swift */; };
/* End PBXBuildFile section */

/* Begin PBXContainerItemProxy section */
		7D2363272AF2DF77000498C3 /* PBXContainerItemProxy */ = {
			isa = PBXContainerItemProxy;
			containerPortal = 7D23630D2AF2DF74000498C3 /* Project object */;
			proxyType = 1;
			remoteGlobalIDString = 7D2363142AF2DF74000498C3;
			remoteInfo = FreeMarket;
		};
		7D2363312AF2DF77000498C3 /* PBXContainerItemProxy */ = {
			isa = PBXContainerItemProxy;
			containerPortal = 7D23630D2AF2DF74000498C3 /* Project object */;
			proxyType = 1;
			remoteGlobalIDString = 7D2363142AF2DF74000498C3;
			remoteInfo = FreeMarket;
		};
/* End PBXContainerItemProxy section */

/* Begin PBXFileReference section */
		7D2363152AF2DF74000498C3 /* FreeMarket.app */ = {isa = PBXFileReference; explicitFileType = wrapper.application; includeInIndex = 0; path = FreeMarket.app; sourceTree = BUILT_PRODUCTS_DIR; };
		7D2363182AF2DF74000498C3 /* FreeMarketApp.swift */ = {isa = PBXFileReference; lastKnownFileType = sourcecode.swift; path = FreeMarketApp.swift; sourceTree = "<group>"; };
		7D23631C2AF2DF76000498C3 /* Assets.xcassets */ = {isa = PBXFileReference; lastKnownFileType = folder.assetcatalog; path = Assets.xcassets; sourceTree = "<group>"; };
		7D23631E2AF2DF76000498C3 /* FreeMarket.entitlements */ = {isa = PBXFileReference; lastKnownFileType = text.plist.entitlements; path = FreeMarket.entitlements; sourceTree = "<group>"; };
		7D2363202AF2DF76000498C3 /* Preview Assets.xcassets */ = {isa = PBXFileReference; lastKnownFileType = folder.assetcatalog; path = "Preview Assets.xcassets"; sourceTree = "<group>"; };
		7D2363262AF2DF77000498C3 /* FreeMarketTests.xctest */ = {isa = PBXFileReference; explicitFileType = wrapper.cfbundle; includeInIndex = 0; path = FreeMarketTests.xctest; sourceTree = BUILT_PRODUCTS_DIR; };
		7D23632A2AF2DF77000498C3 /* FreeMarketTests.swift */ = {isa = PBXFileReference; lastKnownFileType = sourcecode.swift; path = FreeMarketTests.swift; sourceTree = "<group>"; };
		7D2363302AF2DF77000498C3 /* FreeMarketUITests.xctest */ = {isa = PBXFileReference; explicitFileType = wrapper.cfbundle; includeInIndex = 0; path = FreeMarketUITests.xctest; sourceTree = BUILT_PRODUCTS_DIR; };
		7D2363342AF2DF77000498C3 /* FreeMarketUITests.swift */ = {isa = PBXFileReference; lastKnownFileType = sourcecode.swift; path = FreeMarketUITests.swift; sourceTree = "<group>"; };
		7D2363362AF2DF77000498C3 /* FreeMarketUITestsLaunchTests.swift */ = {isa = PBXFileReference; lastKnownFileType = sourcecode.swift; path = FreeMarketUITestsLaunchTests.swift; sourceTree = "<group>"; };
		7D2363462AF2F6DE000498C3 /* FSError.swift */ = {isa = PBXFileReference; fileEncoding = 4; lastKnownFileType = sourcecode.swift; path = FSError.swift; sourceTree = "<group>"; };
		7D2363472AF2F6DE000498C3 /* NetworkManager.swift */ = {isa = PBXFileReference; fileEncoding = 4; lastKnownFileType = sourcecode.swift; path = NetworkManager.swift; sourceTree = "<group>"; };
		7D2363482AF2F6DE000498C3 /* ServiceRouter.swift */ = {isa = PBXFileReference; fileEncoding = 4; lastKnownFileType = sourcecode.swift; path = ServiceRouter.swift; sourceTree = "<group>"; };
		7D23634C2AF2FCB4000498C3 /* Constants.swift */ = {isa = PBXFileReference; fileEncoding = 4; lastKnownFileType = sourcecode.swift; path = Constants.swift; sourceTree = "<group>"; };
		7D23634F2AF2FCC1000498C3 /* String+Extension.swift */ = {isa = PBXFileReference; fileEncoding = 4; lastKnownFileType = sourcecode.swift; path = "String+Extension.swift"; sourceTree = "<group>"; };
		7D2363532AF318F9000498C3 /* SearchViewModel.swift */ = {isa = PBXFileReference; fileEncoding = 4; lastKnownFileType = sourcecode.swift; path = SearchViewModel.swift; sourceTree = "<group>"; };
		7D2363542AF318F9000498C3 /* SearchViewConstants.swift */ = {isa = PBXFileReference; fileEncoding = 4; lastKnownFileType = sourcecode.swift; path = SearchViewConstants.swift; sourceTree = "<group>"; };
		7D2363562AF318F9000498C3 /* Item.swift */ = {isa = PBXFileReference; fileEncoding = 4; lastKnownFileType = sourcecode.swift; path = Item.swift; sourceTree = "<group>"; };
		7D2363572AF318F9000498C3 /* SearchResponse.swift */ = {isa = PBXFileReference; fileEncoding = 4; lastKnownFileType = sourcecode.swift; path = SearchResponse.swift; sourceTree = "<group>"; };
		7D2363592AF318F9000498C3 /* SearchView.swift */ = {isa = PBXFileReference; fileEncoding = 4; lastKnownFileType = sourcecode.swift; path = SearchView.swift; sourceTree = "<group>"; };
		7D23635B2AF318F9000498C3 /* ItemCellView.swift */ = {isa = PBXFileReference; fileEncoding = 4; lastKnownFileType = sourcecode.swift; path = ItemCellView.swift; sourceTree = "<group>"; };
		7D23635C2AF318F9000498C3 /* DescriptionView.swift */ = {isa = PBXFileReference; fileEncoding = 4; lastKnownFileType = sourcecode.swift; path = DescriptionView.swift; sourceTree = "<group>"; };
		7D23635E2AF318F9000498C3 /* SearchViewService.swift */ = {isa = PBXFileReference; fileEncoding = 4; lastKnownFileType = sourcecode.swift; path = SearchViewService.swift; sourceTree = "<group>"; };
		7D23635F2AF318F9000498C3 /* SearchViewServiceProtocol.swift */ = {isa = PBXFileReference; fileEncoding = 4; lastKnownFileType = sourcecode.swift; path = SearchViewServiceProtocol.swift; sourceTree = "<group>"; };
		7D23636A2AF31954000498C3 /* ItemRemoteImage.swift */ = {isa = PBXFileReference; fileEncoding = 4; lastKnownFileType = sourcecode.swift; path = ItemRemoteImage.swift; sourceTree = "<group>"; };
		7D23636B2AF31954000498C3 /* AlertItem.swift */ = {isa = PBXFileReference; fileEncoding = 4; lastKnownFileType = sourcecode.swift; path = AlertItem.swift; sourceTree = "<group>"; };
		7D23636C2AF31954000498C3 /* LoadingView.swift */ = {isa = PBXFileReference; fileEncoding = 4; lastKnownFileType = sourcecode.swift; path = LoadingView.swift; sourceTree = "<group>"; };
		7D2363712AF31A15000498C3 /* ItemDetailConstants.swift */ = {isa = PBXFileReference; fileEncoding = 4; lastKnownFileType = sourcecode.swift; path = ItemDetailConstants.swift; sourceTree = "<group>"; };
		7D2363732AF31A15000498C3 /* ItemDetailView.swift */ = {isa = PBXFileReference; fileEncoding = 4; lastKnownFileType = sourcecode.swift; path = ItemDetailView.swift; sourceTree = "<group>"; };
		7D2363772AF31A3C000498C3 /* MockSearchResponse.swift */ = {isa = PBXFileReference; fileEncoding = 4; lastKnownFileType = sourcecode.swift; path = MockSearchResponse.swift; sourceTree = "<group>"; };
		7D2363782AF31A3C000498C3 /* MockItem.swift */ = {isa = PBXFileReference; fileEncoding = 4; lastKnownFileType = sourcecode.swift; path = MockItem.swift; sourceTree = "<group>"; };
		7D23637E2AF33F4E000498C3 /* Info.plist */ = {isa = PBXFileReference; lastKnownFileType = text.plist; path = Info.plist; sourceTree = "<group>"; };
/* End PBXFileReference section */

/* Begin PBXFrameworksBuildPhase section */
		7D2363122AF2DF74000498C3 /* Frameworks */ = {
			isa = PBXFrameworksBuildPhase;
			buildActionMask = 2147483647;
			files = (
			);
			runOnlyForDeploymentPostprocessing = 0;
		};
		7D2363232AF2DF77000498C3 /* Frameworks */ = {
			isa = PBXFrameworksBuildPhase;
			buildActionMask = 2147483647;
			files = (
			);
			runOnlyForDeploymentPostprocessing = 0;
		};
		7D23632D2AF2DF77000498C3 /* Frameworks */ = {
			isa = PBXFrameworksBuildPhase;
			buildActionMask = 2147483647;
			files = (
			);
			runOnlyForDeploymentPostprocessing = 0;
		};
/* End PBXFrameworksBuildPhase section */

/* Begin PBXGroup section */
		7D23630C2AF2DF74000498C3 = {
			isa = PBXGroup;
			children = (
				7D2363172AF2DF74000498C3 /* FreeMarket */,
				7D2363292AF2DF77000498C3 /* FreeMarketTests */,
				7D2363332AF2DF77000498C3 /* FreeMarketUITests */,
				7D2363162AF2DF74000498C3 /* Products */,
			);
			sourceTree = "<group>";
		};
		7D2363162AF2DF74000498C3 /* Products */ = {
			isa = PBXGroup;
			children = (
				7D2363152AF2DF74000498C3 /* FreeMarket.app */,
				7D2363262AF2DF77000498C3 /* FreeMarketTests.xctest */,
				7D2363302AF2DF77000498C3 /* FreeMarketUITests.xctest */,
			);
			name = Products;
			sourceTree = "<group>";
		};
		7D2363172AF2DF74000498C3 /* FreeMarket */ = {
			isa = PBXGroup;
			children = (
				7D23637E2AF33F4E000498C3 /* Info.plist */,
				7D2363182AF2DF74000498C3 /* FreeMarketApp.swift */,
				7D2363442AF2F686000498C3 /* Features */,
				7D2363432AF2F679000498C3 /* Utilities */,
				7D23631C2AF2DF76000498C3 /* Assets.xcassets */,
				7D23631E2AF2DF76000498C3 /* FreeMarket.entitlements */,
				7D23631F2AF2DF76000498C3 /* Preview Content */,
			);
			path = FreeMarket;
			sourceTree = "<group>";
		};
		7D23631F2AF2DF76000498C3 /* Preview Content */ = {
			isa = PBXGroup;
			children = (
				7D2363202AF2DF76000498C3 /* Preview Assets.xcassets */,
			);
			path = "Preview Content";
			sourceTree = "<group>";
		};
		7D2363292AF2DF77000498C3 /* FreeMarketTests */ = {
			isa = PBXGroup;
			children = (
				7D23632A2AF2DF77000498C3 /* FreeMarketTests.swift */,
			);
			path = FreeMarketTests;
			sourceTree = "<group>";
		};
		7D2363332AF2DF77000498C3 /* FreeMarketUITests */ = {
			isa = PBXGroup;
			children = (
				7D2363342AF2DF77000498C3 /* FreeMarketUITests.swift */,
				7D2363362AF2DF77000498C3 /* FreeMarketUITestsLaunchTests.swift */,
			);
			path = FreeMarketUITests;
			sourceTree = "<group>";
		};
		7D2363432AF2F679000498C3 /* Utilities */ = {
			isa = PBXGroup;
			children = (
				7D23634C2AF2FCB4000498C3 /* Constants.swift */,
				7D23634E2AF2FCC1000498C3 /* Extensions */,
				7D2363692AF31954000498C3 /* Views */,
				7D2363452AF2F6DE000498C3 /* Network */,
				7D2363762AF31A3C000498C3 /* Mocks */,
			);
			path = Utilities;
			sourceTree = "<group>";
		};
		7D2363442AF2F686000498C3 /* Features */ = {
			isa = PBXGroup;
			children = (
				7D2363512AF318F9000498C3 /* SearchView */,
				7D2363702AF31A15000498C3 /* ItemDetail */,
			);
			path = Features;
			sourceTree = "<group>";
		};
		7D2363452AF2F6DE000498C3 /* Network */ = {
			isa = PBXGroup;
			children = (
				7D2363462AF2F6DE000498C3 /* FSError.swift */,
				7D2363472AF2F6DE000498C3 /* NetworkManager.swift */,
				7D2363482AF2F6DE000498C3 /* ServiceRouter.swift */,
			);
			path = Network;
			sourceTree = "<group>";
		};
		7D23634E2AF2FCC1000498C3 /* Extensions */ = {
			isa = PBXGroup;
			children = (
				7D23634F2AF2FCC1000498C3 /* String+Extension.swift */,
			);
			path = Extensions;
			sourceTree = "<group>";
		};
		7D2363512AF318F9000498C3 /* SearchView */ = {
			isa = PBXGroup;
			children = (
				7D2363522AF318F9000498C3 /* ViewModel */,
				7D2363542AF318F9000498C3 /* SearchViewConstants.swift */,
				7D2363552AF318F9000498C3 /* Model */,
				7D2363582AF318F9000498C3 /* View */,
				7D23635D2AF318F9000498C3 /* Service */,
			);
			path = SearchView;
			sourceTree = "<group>";
		};
		7D2363522AF318F9000498C3 /* ViewModel */ = {
			isa = PBXGroup;
			children = (
				7D2363532AF318F9000498C3 /* SearchViewModel.swift */,
			);
			path = ViewModel;
			sourceTree = "<group>";
		};
		7D2363552AF318F9000498C3 /* Model */ = {
			isa = PBXGroup;
			children = (
				7D2363562AF318F9000498C3 /* Item.swift */,
				7D2363572AF318F9000498C3 /* SearchResponse.swift */,
			);
			path = Model;
			sourceTree = "<group>";
		};
		7D2363582AF318F9000498C3 /* View */ = {
			isa = PBXGroup;
			children = (
				7D2363592AF318F9000498C3 /* SearchView.swift */,
				7D23635A2AF318F9000498C3 /* CellView */,
			);
			path = View;
			sourceTree = "<group>";
		};
		7D23635A2AF318F9000498C3 /* CellView */ = {
			isa = PBXGroup;
			children = (
				7D23635B2AF318F9000498C3 /* ItemCellView.swift */,
				7D23635C2AF318F9000498C3 /* DescriptionView.swift */,
			);
			path = CellView;
			sourceTree = "<group>";
		};
		7D23635D2AF318F9000498C3 /* Service */ = {
			isa = PBXGroup;
			children = (
				7D23635E2AF318F9000498C3 /* SearchViewService.swift */,
				7D23635F2AF318F9000498C3 /* SearchViewServiceProtocol.swift */,
			);
			path = Service;
			sourceTree = "<group>";
		};
		7D2363692AF31954000498C3 /* Views */ = {
			isa = PBXGroup;
			children = (
				7D23636A2AF31954000498C3 /* ItemRemoteImage.swift */,
				7D23636B2AF31954000498C3 /* AlertItem.swift */,
				7D23636C2AF31954000498C3 /* LoadingView.swift */,
			);
			path = Views;
			sourceTree = "<group>";
		};
		7D2363702AF31A15000498C3 /* ItemDetail */ = {
			isa = PBXGroup;
			children = (
				7D2363712AF31A15000498C3 /* ItemDetailConstants.swift */,
				7D2363722AF31A15000498C3 /* View */,
			);
			path = ItemDetail;
			sourceTree = "<group>";
		};
		7D2363722AF31A15000498C3 /* View */ = {
			isa = PBXGroup;
			children = (
				7D2363732AF31A15000498C3 /* ItemDetailView.swift */,
			);
			path = View;
			sourceTree = "<group>";
		};
		7D2363762AF31A3C000498C3 /* Mocks */ = {
			isa = PBXGroup;
			children = (
				7D2363772AF31A3C000498C3 /* MockSearchResponse.swift */,
				7D2363782AF31A3C000498C3 /* MockItem.swift */,
			);
			path = Mocks;
			sourceTree = "<group>";
		};
/* End PBXGroup section */

/* Begin PBXNativeTarget section */
		7D2363142AF2DF74000498C3 /* FreeMarket */ = {
			isa = PBXNativeTarget;
			buildConfigurationList = 7D23633A2AF2DF77000498C3 /* Build configuration list for PBXNativeTarget "FreeMarket" */;
			buildPhases = (
				7D2363112AF2DF74000498C3 /* Sources */,
				7D2363122AF2DF74000498C3 /* Frameworks */,
				7D2363132AF2DF74000498C3 /* Resources */,
			);
			buildRules = (
			);
			dependencies = (
			);
			name = FreeMarket;
			productName = FreeMarket;
			productReference = 7D2363152AF2DF74000498C3 /* FreeMarket.app */;
			productType = "com.apple.product-type.application";
		};
		7D2363252AF2DF77000498C3 /* FreeMarketTests */ = {
			isa = PBXNativeTarget;
			buildConfigurationList = 7D23633D2AF2DF77000498C3 /* Build configuration list for PBXNativeTarget "FreeMarketTests" */;
			buildPhases = (
				7D2363222AF2DF77000498C3 /* Sources */,
				7D2363232AF2DF77000498C3 /* Frameworks */,
				7D2363242AF2DF77000498C3 /* Resources */,
			);
			buildRules = (
			);
			dependencies = (
				7D2363282AF2DF77000498C3 /* PBXTargetDependency */,
			);
			name = FreeMarketTests;
			productName = FreeMarketTests;
			productReference = 7D2363262AF2DF77000498C3 /* FreeMarketTests.xctest */;
			productType = "com.apple.product-type.bundle.unit-test";
		};
		7D23632F2AF2DF77000498C3 /* FreeMarketUITests */ = {
			isa = PBXNativeTarget;
			buildConfigurationList = 7D2363402AF2DF77000498C3 /* Build configuration list for PBXNativeTarget "FreeMarketUITests" */;
			buildPhases = (
				7D23632C2AF2DF77000498C3 /* Sources */,
				7D23632D2AF2DF77000498C3 /* Frameworks */,
				7D23632E2AF2DF77000498C3 /* Resources */,
			);
			buildRules = (
			);
			dependencies = (
				7D2363322AF2DF77000498C3 /* PBXTargetDependency */,
			);
			name = FreeMarketUITests;
			productName = FreeMarketUITests;
			productReference = 7D2363302AF2DF77000498C3 /* FreeMarketUITests.xctest */;
			productType = "com.apple.product-type.bundle.ui-testing";
		};
/* End PBXNativeTarget section */

/* Begin PBXProject section */
		7D23630D2AF2DF74000498C3 /* Project object */ = {
			isa = PBXProject;
			attributes = {
				BuildIndependentTargetsInParallel = 1;
				LastSwiftUpdateCheck = 1500;
				LastUpgradeCheck = 1500;
				TargetAttributes = {
					7D2363142AF2DF74000498C3 = {
						CreatedOnToolsVersion = 15.0.1;
					};
					7D2363252AF2DF77000498C3 = {
						CreatedOnToolsVersion = 15.0.1;
						TestTargetID = 7D2363142AF2DF74000498C3;
					};
					7D23632F2AF2DF77000498C3 = {
						CreatedOnToolsVersion = 15.0.1;
						TestTargetID = 7D2363142AF2DF74000498C3;
					};
				};
			};
			buildConfigurationList = 7D2363102AF2DF74000498C3 /* Build configuration list for PBXProject "FreeMarket" */;
			compatibilityVersion = "Xcode 14.0";
			developmentRegion = en;
			hasScannedForEncodings = 0;
			knownRegions = (
				en,
				Base,
			);
			mainGroup = 7D23630C2AF2DF74000498C3;
			productRefGroup = 7D2363162AF2DF74000498C3 /* Products */;
			projectDirPath = "";
			projectRoot = "";
			targets = (
				7D2363142AF2DF74000498C3 /* FreeMarket */,
				7D2363252AF2DF77000498C3 /* FreeMarketTests */,
				7D23632F2AF2DF77000498C3 /* FreeMarketUITests */,
			);
		};
/* End PBXProject section */

/* Begin PBXResourcesBuildPhase section */
		7D2363132AF2DF74000498C3 /* Resources */ = {
			isa = PBXResourcesBuildPhase;
			buildActionMask = 2147483647;
			files = (
				7D2363212AF2DF76000498C3 /* Preview Assets.xcassets in Resources */,
				7D23631D2AF2DF76000498C3 /* Assets.xcassets in Resources */,
			);
			runOnlyForDeploymentPostprocessing = 0;
		};
		7D2363242AF2DF77000498C3 /* Resources */ = {
			isa = PBXResourcesBuildPhase;
			buildActionMask = 2147483647;
			files = (
			);
			runOnlyForDeploymentPostprocessing = 0;
		};
		7D23632E2AF2DF77000498C3 /* Resources */ = {
			isa = PBXResourcesBuildPhase;
			buildActionMask = 2147483647;
			files = (
			);
			runOnlyForDeploymentPostprocessing = 0;
		};
/* End PBXResourcesBuildPhase section */

/* Begin PBXSourcesBuildPhase section */
		7D2363112AF2DF74000498C3 /* Sources */ = {
			isa = PBXSourcesBuildPhase;
			buildActionMask = 2147483647;
			files = (
				7D23637A2AF31A3C000498C3 /* MockItem.swift in Sources */,
				7D2363752AF31A16000498C3 /* ItemDetailView.swift in Sources */,
				7D23634D2AF2FCB4000498C3 /* Constants.swift in Sources */,
				7D2363742AF31A16000498C3 /* ItemDetailConstants.swift in Sources */,
				7D2363622AF318F9000498C3 /* Item.swift in Sources */,
				7D2363672AF318F9000498C3 /* SearchViewService.swift in Sources */,
				7D2363682AF318F9000498C3 /* SearchViewServiceProtocol.swift in Sources */,
				7D2363662AF318F9000498C3 /* DescriptionView.swift in Sources */,
				7D2363602AF318F9000498C3 /* SearchViewModel.swift in Sources */,
				7D2363652AF318F9000498C3 /* ItemCellView.swift in Sources */,
				7D2363792AF31A3C000498C3 /* MockSearchResponse.swift in Sources */,
				7D2363612AF318F9000498C3 /* SearchViewConstants.swift in Sources */,
				7D23634B2AF2F6DE000498C3 /* ServiceRouter.swift in Sources */,
				7D23634A2AF2F6DE000498C3 /* NetworkManager.swift in Sources */,
				7D2363632AF318F9000498C3 /* SearchResponse.swift in Sources */,
				7D2363192AF2DF74000498C3 /* FreeMarketApp.swift in Sources */,
				7D23636E2AF31954000498C3 /* AlertItem.swift in Sources */,
				7D2363502AF2FCC1000498C3 /* String+Extension.swift in Sources */,
				7D2363492AF2F6DE000498C3 /* FSError.swift in Sources */,
				7D23636D2AF31954000498C3 /* ItemRemoteImage.swift in Sources */,
				7D2363642AF318F9000498C3 /* SearchView.swift in Sources */,
				7D23636F2AF31954000498C3 /* LoadingView.swift in Sources */,
			);
			runOnlyForDeploymentPostprocessing = 0;
		};
		7D2363222AF2DF77000498C3 /* Sources */ = {
			isa = PBXSourcesBuildPhase;
			buildActionMask = 2147483647;
			files = (
				7D23632B2AF2DF77000498C3 /* FreeMarketTests.swift in Sources */,
			);
			runOnlyForDeploymentPostprocessing = 0;
		};
		7D23632C2AF2DF77000498C3 /* Sources */ = {
			isa = PBXSourcesBuildPhase;
			buildActionMask = 2147483647;
			files = (
				7D2363372AF2DF77000498C3 /* FreeMarketUITestsLaunchTests.swift in Sources */,
				7D2363352AF2DF77000498C3 /* FreeMarketUITests.swift in Sources */,
			);
			runOnlyForDeploymentPostprocessing = 0;
		};
/* End PBXSourcesBuildPhase section */

/* Begin PBXTargetDependency section */
		7D2363282AF2DF77000498C3 /* PBXTargetDependency */ = {
			isa = PBXTargetDependency;
			target = 7D2363142AF2DF74000498C3 /* FreeMarket */;
			targetProxy = 7D2363272AF2DF77000498C3 /* PBXContainerItemProxy */;
		};
		7D2363322AF2DF77000498C3 /* PBXTargetDependency */ = {
			isa = PBXTargetDependency;
			target = 7D2363142AF2DF74000498C3 /* FreeMarket */;
			targetProxy = 7D2363312AF2DF77000498C3 /* PBXContainerItemProxy */;
		};
/* End PBXTargetDependency section */

/* Begin XCBuildConfiguration section */
		7D2363382AF2DF77000498C3 /* Debug */ = {
			isa = XCBuildConfiguration;
			buildSettings = {
				ALWAYS_SEARCH_USER_PATHS = NO;
				ASSETCATALOG_COMPILER_GENERATE_SWIFT_ASSET_SYMBOL_EXTENSIONS = YES;
				CLANG_ANALYZER_NONNULL = YES;
				CLANG_ANALYZER_NUMBER_OBJECT_CONVERSION = YES_AGGRESSIVE;
				CLANG_CXX_LANGUAGE_STANDARD = "gnu++20";
				CLANG_ENABLE_MODULES = YES;
				CLANG_ENABLE_OBJC_ARC = YES;
				CLANG_ENABLE_OBJC_WEAK = YES;
				CLANG_WARN_BLOCK_CAPTURE_AUTORELEASING = YES;
				CLANG_WARN_BOOL_CONVERSION = YES;
				CLANG_WARN_COMMA = YES;
				CLANG_WARN_CONSTANT_CONVERSION = YES;
				CLANG_WARN_DEPRECATED_OBJC_IMPLEMENTATIONS = YES;
				CLANG_WARN_DIRECT_OBJC_ISA_USAGE = YES_ERROR;
				CLANG_WARN_DOCUMENTATION_COMMENTS = YES;
				CLANG_WARN_EMPTY_BODY = YES;
				CLANG_WARN_ENUM_CONVERSION = YES;
				CLANG_WARN_INFINITE_RECURSION = YES;
				CLANG_WARN_INT_CONVERSION = YES;
				CLANG_WARN_NON_LITERAL_NULL_CONVERSION = YES;
				CLANG_WARN_OBJC_IMPLICIT_RETAIN_SELF = YES;
				CLANG_WARN_OBJC_LITERAL_CONVERSION = YES;
				CLANG_WARN_OBJC_ROOT_CLASS = YES_ERROR;
				CLANG_WARN_QUOTED_INCLUDE_IN_FRAMEWORK_HEADER = YES;
				CLANG_WARN_RANGE_LOOP_ANALYSIS = YES;
				CLANG_WARN_STRICT_PROTOTYPES = YES;
				CLANG_WARN_SUSPICIOUS_MOVE = YES;
				CLANG_WARN_UNGUARDED_AVAILABILITY = YES_AGGRESSIVE;
				CLANG_WARN_UNREACHABLE_CODE = YES;
				CLANG_WARN__DUPLICATE_METHOD_MATCH = YES;
				COPY_PHASE_STRIP = NO;
				DEBUG_INFORMATION_FORMAT = dwarf;
				ENABLE_STRICT_OBJC_MSGSEND = YES;
				ENABLE_TESTABILITY = YES;
				ENABLE_USER_SCRIPT_SANDBOXING = YES;
				GCC_C_LANGUAGE_STANDARD = gnu17;
				GCC_DYNAMIC_NO_PIC = NO;
				GCC_NO_COMMON_BLOCKS = YES;
				GCC_OPTIMIZATION_LEVEL = 0;
				GCC_PREPROCESSOR_DEFINITIONS = (
					"DEBUG=1",
					"$(inherited)",
				);
				GCC_WARN_64_TO_32_BIT_CONVERSION = YES;
				GCC_WARN_ABOUT_RETURN_TYPE = YES_ERROR;
				GCC_WARN_UNDECLARED_SELECTOR = YES;
				GCC_WARN_UNINITIALIZED_AUTOS = YES_AGGRESSIVE;
				GCC_WARN_UNUSED_FUNCTION = YES;
				GCC_WARN_UNUSED_VARIABLE = YES;
				LOCALIZATION_PREFERS_STRING_CATALOGS = YES;
				MTL_ENABLE_DEBUG_INFO = INCLUDE_SOURCE;
				MTL_FAST_MATH = YES;
				ONLY_ACTIVE_ARCH = YES;
				SWIFT_ACTIVE_COMPILATION_CONDITIONS = "DEBUG $(inherited)";
				SWIFT_OPTIMIZATION_LEVEL = "-Onone";
			};
			name = Debug;
		};
		7D2363392AF2DF77000498C3 /* Release */ = {
			isa = XCBuildConfiguration;
			buildSettings = {
				ALWAYS_SEARCH_USER_PATHS = NO;
				ASSETCATALOG_COMPILER_GENERATE_SWIFT_ASSET_SYMBOL_EXTENSIONS = YES;
				CLANG_ANALYZER_NONNULL = YES;
				CLANG_ANALYZER_NUMBER_OBJECT_CONVERSION = YES_AGGRESSIVE;
				CLANG_CXX_LANGUAGE_STANDARD = "gnu++20";
				CLANG_ENABLE_MODULES = YES;
				CLANG_ENABLE_OBJC_ARC = YES;
				CLANG_ENABLE_OBJC_WEAK = YES;
				CLANG_WARN_BLOCK_CAPTURE_AUTORELEASING = YES;
				CLANG_WARN_BOOL_CONVERSION = YES;
				CLANG_WARN_COMMA = YES;
				CLANG_WARN_CONSTANT_CONVERSION = YES;
				CLANG_WARN_DEPRECATED_OBJC_IMPLEMENTATIONS = YES;
				CLANG_WARN_DIRECT_OBJC_ISA_USAGE = YES_ERROR;
				CLANG_WARN_DOCUMENTATION_COMMENTS = YES;
				CLANG_WARN_EMPTY_BODY = YES;
				CLANG_WARN_ENUM_CONVERSION = YES;
				CLANG_WARN_INFINITE_RECURSION = YES;
				CLANG_WARN_INT_CONVERSION = YES;
				CLANG_WARN_NON_LITERAL_NULL_CONVERSION = YES;
				CLANG_WARN_OBJC_IMPLICIT_RETAIN_SELF = YES;
				CLANG_WARN_OBJC_LITERAL_CONVERSION = YES;
				CLANG_WARN_OBJC_ROOT_CLASS = YES_ERROR;
				CLANG_WARN_QUOTED_INCLUDE_IN_FRAMEWORK_HEADER = YES;
				CLANG_WARN_RANGE_LOOP_ANALYSIS = YES;
				CLANG_WARN_STRICT_PROTOTYPES = YES;
				CLANG_WARN_SUSPICIOUS_MOVE = YES;
				CLANG_WARN_UNGUARDED_AVAILABILITY = YES_AGGRESSIVE;
				CLANG_WARN_UNREACHABLE_CODE = YES;
				CLANG_WARN__DUPLICATE_METHOD_MATCH = YES;
				COPY_PHASE_STRIP = NO;
				DEBUG_INFORMATION_FORMAT = "dwarf-with-dsym";
				ENABLE_NS_ASSERTIONS = NO;
				ENABLE_STRICT_OBJC_MSGSEND = YES;
				ENABLE_USER_SCRIPT_SANDBOXING = YES;
				GCC_C_LANGUAGE_STANDARD = gnu17;
				GCC_NO_COMMON_BLOCKS = YES;
				GCC_WARN_64_TO_32_BIT_CONVERSION = YES;
				GCC_WARN_ABOUT_RETURN_TYPE = YES_ERROR;
				GCC_WARN_UNDECLARED_SELECTOR = YES;
				GCC_WARN_UNINITIALIZED_AUTOS = YES_AGGRESSIVE;
				GCC_WARN_UNUSED_FUNCTION = YES;
				GCC_WARN_UNUSED_VARIABLE = YES;
				LOCALIZATION_PREFERS_STRING_CATALOGS = YES;
				MTL_ENABLE_DEBUG_INFO = NO;
				MTL_FAST_MATH = YES;
				SWIFT_COMPILATION_MODE = wholemodule;
			};
			name = Release;
		};
		7D23633B2AF2DF77000498C3 /* Debug */ = {
			isa = XCBuildConfiguration;
			buildSettings = {
				ASSETCATALOG_COMPILER_APPICON_NAME = AppIcon;
				ASSETCATALOG_COMPILER_GLOBAL_ACCENT_COLOR_NAME = AccentColor;
				CODE_SIGN_ENTITLEMENTS = FreeMarket/FreeMarket.entitlements;
				CODE_SIGN_STYLE = Automatic;
				CURRENT_PROJECT_VERSION = 1;
				DEVELOPMENT_ASSET_PATHS = "\"FreeMarket/Preview Content\"";
				DEVELOPMENT_TEAM = LMVZT5B6P9;
				ENABLE_HARDENED_RUNTIME = YES;
				ENABLE_PREVIEWS = YES;
				GENERATE_INFOPLIST_FILE = YES;
				INFOPLIST_FILE = FreeMarket/Info.plist;
				"INFOPLIST_KEY_UIApplicationSceneManifest_Generation[sdk=iphoneos*]" = YES;
				"INFOPLIST_KEY_UIApplicationSceneManifest_Generation[sdk=iphonesimulator*]" = YES;
				"INFOPLIST_KEY_UIApplicationSupportsIndirectInputEvents[sdk=iphoneos*]" = YES;
				"INFOPLIST_KEY_UIApplicationSupportsIndirectInputEvents[sdk=iphonesimulator*]" = YES;
				"INFOPLIST_KEY_UILaunchScreen_Generation[sdk=iphoneos*]" = YES;
				"INFOPLIST_KEY_UILaunchScreen_Generation[sdk=iphonesimulator*]" = YES;
				"INFOPLIST_KEY_UIStatusBarStyle[sdk=iphoneos*]" = UIStatusBarStyleDefault;
				"INFOPLIST_KEY_UIStatusBarStyle[sdk=iphonesimulator*]" = UIStatusBarStyleDefault;
				INFOPLIST_KEY_UISupportedInterfaceOrientations_iPad = "UIInterfaceOrientationPortrait UIInterfaceOrientationPortraitUpsideDown UIInterfaceOrientationLandscapeLeft UIInterfaceOrientationLandscapeRight";
				INFOPLIST_KEY_UISupportedInterfaceOrientations_iPhone = "UIInterfaceOrientationPortrait UIInterfaceOrientationLandscapeLeft UIInterfaceOrientationLandscapeRight";
				IPHONEOS_DEPLOYMENT_TARGET = 17.0;
				LD_RUNPATH_SEARCH_PATHS = "@executable_path/Frameworks";
				"LD_RUNPATH_SEARCH_PATHS[sdk=macosx*]" = "@executable_path/../Frameworks";
				MACOSX_DEPLOYMENT_TARGET = 13.6;
				MARKETING_VERSION = 1.0;
				PRODUCT_BUNDLE_IDENTIFIER = test.FreeMarket;
				PRODUCT_NAME = "$(TARGET_NAME)";
				SDKROOT = auto;
				SUPPORTED_PLATFORMS = "iphoneos iphonesimulator macosx";
				SWIFT_EMIT_LOC_STRINGS = YES;
				SWIFT_VERSION = 5.0;
				TARGETED_DEVICE_FAMILY = "1,2";
			};
			name = Debug;
		};
		7D23633C2AF2DF77000498C3 /* Release */ = {
			isa = XCBuildConfiguration;
			buildSettings = {
				ASSETCATALOG_COMPILER_APPICON_NAME = AppIcon;
				ASSETCATALOG_COMPILER_GLOBAL_ACCENT_COLOR_NAME = AccentColor;
				CODE_SIGN_ENTITLEMENTS = FreeMarket/FreeMarket.entitlements;
				CODE_SIGN_STYLE = Automatic;
				CURRENT_PROJECT_VERSION = 1;
				DEVELOPMENT_ASSET_PATHS = "\"FreeMarket/Preview Content\"";
				DEVELOPMENT_TEAM = LMVZT5B6P9;
				ENABLE_HARDENED_RUNTIME = YES;
				ENABLE_PREVIEWS = YES;
				GENERATE_INFOPLIST_FILE = YES;
				INFOPLIST_FILE = FreeMarket/Info.plist;
				"INFOPLIST_KEY_UIApplicationSceneManifest_Generation[sdk=iphoneos*]" = YES;
				"INFOPLIST_KEY_UIApplicationSceneManifest_Generation[sdk=iphonesimulator*]" = YES;
				"INFOPLIST_KEY_UIApplicationSupportsIndirectInputEvents[sdk=iphoneos*]" = YES;
				"INFOPLIST_KEY_UIApplicationSupportsIndirectInputEvents[sdk=iphonesimulator*]" = YES;
				"INFOPLIST_KEY_UILaunchScreen_Generation[sdk=iphoneos*]" = YES;
				"INFOPLIST_KEY_UILaunchScreen_Generation[sdk=iphonesimulator*]" = YES;
				"INFOPLIST_KEY_UIStatusBarStyle[sdk=iphoneos*]" = UIStatusBarStyleDefault;
				"INFOPLIST_KEY_UIStatusBarStyle[sdk=iphonesimulator*]" = UIStatusBarStyleDefault;
				INFOPLIST_KEY_UISupportedInterfaceOrientations_iPad = "UIInterfaceOrientationPortrait UIInterfaceOrientationPortraitUpsideDown UIInterfaceOrientationLandscapeLeft UIInterfaceOrientationLandscapeRight";
				INFOPLIST_KEY_UISupportedInterfaceOrientations_iPhone = "UIInterfaceOrientationPortrait UIInterfaceOrientationLandscapeLeft UIInterfaceOrientationLandscapeRight";
				IPHONEOS_DEPLOYMENT_TARGET = 17.0;
				LD_RUNPATH_SEARCH_PATHS = "@executable_path/Frameworks";
				"LD_RUNPATH_SEARCH_PATHS[sdk=macosx*]" = "@executable_path/../Frameworks";
				MACOSX_DEPLOYMENT_TARGET = 13.6;
				MARKETING_VERSION = 1.0;
				PRODUCT_BUNDLE_IDENTIFIER = test.FreeMarket;
				PRODUCT_NAME = "$(TARGET_NAME)";
				SDKROOT = auto;
				SUPPORTED_PLATFORMS = "iphoneos iphonesimulator macosx";
				SWIFT_EMIT_LOC_STRINGS = YES;
				SWIFT_VERSION = 5.0;
				TARGETED_DEVICE_FAMILY = "1,2";
			};
			name = Release;
		};
		7D23633E2AF2DF77000498C3 /* Debug */ = {
			isa = XCBuildConfiguration;
			buildSettings = {
				ALWAYS_EMBED_SWIFT_STANDARD_LIBRARIES = YES;
				BUNDLE_LOADER = "$(TEST_HOST)";
				CODE_SIGN_STYLE = Automatic;
				CURRENT_PROJECT_VERSION = 1;
				DEVELOPMENT_TEAM = LMVZT5B6P9;
				GENERATE_INFOPLIST_FILE = YES;
				IPHONEOS_DEPLOYMENT_TARGET = 17.0;
				MACOSX_DEPLOYMENT_TARGET = 13.6;
				MARKETING_VERSION = 1.0;
				PRODUCT_BUNDLE_IDENTIFIER = test.FreeMarketTests;
				PRODUCT_NAME = "$(TARGET_NAME)";
				SDKROOT = auto;
				SUPPORTED_PLATFORMS = "iphoneos iphonesimulator macosx";
				SWIFT_EMIT_LOC_STRINGS = NO;
				SWIFT_VERSION = 5.0;
				TARGETED_DEVICE_FAMILY = "1,2";
				TEST_HOST = "$(BUILT_PRODUCTS_DIR)/FreeMarket.app/$(BUNDLE_EXECUTABLE_FOLDER_PATH)/FreeMarket";
			};
			name = Debug;
		};
		7D23633F2AF2DF77000498C3 /* Release */ = {
			isa = XCBuildConfiguration;
			buildSettings = {
				ALWAYS_EMBED_SWIFT_STANDARD_LIBRARIES = YES;
				BUNDLE_LOADER = "$(TEST_HOST)";
				CODE_SIGN_STYLE = Automatic;
				CURRENT_PROJECT_VERSION = 1;
				DEVELOPMENT_TEAM = LMVZT5B6P9;
				GENERATE_INFOPLIST_FILE = YES;
				IPHONEOS_DEPLOYMENT_TARGET = 17.0;
				MACOSX_DEPLOYMENT_TARGET = 13.6;
				MARKETING_VERSION = 1.0;
				PRODUCT_BUNDLE_IDENTIFIER = test.FreeMarketTests;
				PRODUCT_NAME = "$(TARGET_NAME)";
				SDKROOT = auto;
				SUPPORTED_PLATFORMS = "iphoneos iphonesimulator macosx";
				SWIFT_EMIT_LOC_STRINGS = NO;
				SWIFT_VERSION = 5.0;
				TARGETED_DEVICE_FAMILY = "1,2";
				TEST_HOST = "$(BUILT_PRODUCTS_DIR)/FreeMarket.app/$(BUNDLE_EXECUTABLE_FOLDER_PATH)/FreeMarket";
			};
			name = Release;
		};
		7D2363412AF2DF77000498C3 /* Debug */ = {
			isa = XCBuildConfiguration;
			buildSettings = {
				ALWAYS_EMBED_SWIFT_STANDARD_LIBRARIES = YES;
				CODE_SIGN_STYLE = Automatic;
				CURRENT_PROJECT_VERSION = 1;
				DEVELOPMENT_TEAM = LMVZT5B6P9;
				GENERATE_INFOPLIST_FILE = YES;
				IPHONEOS_DEPLOYMENT_TARGET = 17.0;
				MACOSX_DEPLOYMENT_TARGET = 13.6;
				MARKETING_VERSION = 1.0;
				PRODUCT_BUNDLE_IDENTIFIER = test.FreeMarketUITests;
				PRODUCT_NAME = "$(TARGET_NAME)";
				SDKROOT = auto;
				SUPPORTED_PLATFORMS = "iphoneos iphonesimulator macosx";
				SWIFT_EMIT_LOC_STRINGS = NO;
				SWIFT_VERSION = 5.0;
				TARGETED_DEVICE_FAMILY = "1,2";
				TEST_TARGET_NAME = FreeMarket;
			};
			name = Debug;
		};
		7D2363422AF2DF77000498C3 /* Release */ = {
			isa = XCBuildConfiguration;
			buildSettings = {
				ALWAYS_EMBED_SWIFT_STANDARD_LIBRARIES = YES;
				CODE_SIGN_STYLE = Automatic;
				CURRENT_PROJECT_VERSION = 1;
				DEVELOPMENT_TEAM = LMVZT5B6P9;
				GENERATE_INFOPLIST_FILE = YES;
				IPHONEOS_DEPLOYMENT_TARGET = 17.0;
				MACOSX_DEPLOYMENT_TARGET = 13.6;
				MARKETING_VERSION = 1.0;
				PRODUCT_BUNDLE_IDENTIFIER = test.FreeMarketUITests;
				PRODUCT_NAME = "$(TARGET_NAME)";
				SDKROOT = auto;
				SUPPORTED_PLATFORMS = "iphoneos iphonesimulator macosx";
				SWIFT_EMIT_LOC_STRINGS = NO;
				SWIFT_VERSION = 5.0;
				TARGETED_DEVICE_FAMILY = "1,2";
				TEST_TARGET_NAME = FreeMarket;
			};
			name = Release;
		};
/* End XCBuildConfiguration section */

/* Begin XCConfigurationList section */
		7D2363102AF2DF74000498C3 /* Build configuration list for PBXProject "FreeMarket" */ = {
			isa = XCConfigurationList;
			buildConfigurations = (
				7D2363382AF2DF77000498C3 /* Debug */,
				7D2363392AF2DF77000498C3 /* Release */,
			);
			defaultConfigurationIsVisible = 0;
			defaultConfigurationName = Release;
		};
		7D23633A2AF2DF77000498C3 /* Build configuration list for PBXNativeTarget "FreeMarket" */ = {
			isa = XCConfigurationList;
			buildConfigurations = (
				7D23633B2AF2DF77000498C3 /* Debug */,
				7D23633C2AF2DF77000498C3 /* Release */,
			);
			defaultConfigurationIsVisible = 0;
			defaultConfigurationName = Release;
		};
		7D23633D2AF2DF77000498C3 /* Build configuration list for PBXNativeTarget "FreeMarketTests" */ = {
			isa = XCConfigurationList;
			buildConfigurations = (
				7D23633E2AF2DF77000498C3 /* Debug */,
				7D23633F2AF2DF77000498C3 /* Release */,
			);
			defaultConfigurationIsVisible = 0;
			defaultConfigurationName = Release;
		};
		7D2363402AF2DF77000498C3 /* Build configuration list for PBXNativeTarget "FreeMarketUITests" */ = {
			isa = XCConfigurationList;
			buildConfigurations = (
				7D2363412AF2DF77000498C3 /* Debug */,
				7D2363422AF2DF77000498C3 /* Release */,
			);
			defaultConfigurationIsVisible = 0;
			defaultConfigurationName = Release;
		};
/* End XCConfigurationList section */
	};
	rootObject = 7D23630D2AF2DF74000498C3 /* Project object */;
}
